{
  "name": "cozorohome",
  "version": "0.0.1",
  "lockfileVersion": 3,
  "requires": true,
  "packages": {
    "": {
      "name": "cozorohome",
      "version": "0.0.1"
    },
    "node_modules/.pnpm/server.js@1.0.0/node_modules/server.js": {
      "version": "1.0.0",
      "extraneous": true,
      "license": "ISC"
    }
  }
}
